
Microsoft Visual Studio Solution File, Format Version 12.00
# Visual Studio Version 17
VisualStudioVersion = 17.4.33213.308
MinimumVisualStudioVersion = 10.0.40219.1
Project("{FAE04EC0-301F-11D3-BF4B-00C04F79EFBC}") = "TasKagitMakasApp", "TasKagitMakasApp\TasKagitMakasApp.csproj", "{F2864A09-4E21-4F84-AD70-6F518ABBBB4D}"
EndProject
Global
	GlobalSection(SolutionConfigurationPlatforms) = preSolution
		Debug|Any CPU = Debug|Any CPU
		Release|Any CPU = Release|Any CPU
	EndGlobalSection
	GlobalSection(ProjectConfigurationPlatforms) = postSolution
		{F2864A09-4E21-4F84-AD70-6F518ABBBB4D}.Debug|Any CPU.ActiveCfg = Debug|Any CPU
		{F2864A09-4E21-4F84-AD70-6F518ABBBB4D}.Debug|Any CPU.Build.0 = Debug|Any CPU
		{F2864A09-4E21-4F84-AD70-6F518ABBBB4D}.Release|Any CPU.ActiveCfg = Release|Any CPU
		{F2864A09-4E21-4F84-AD70-6F518ABBBB4D}.Release|Any CPU.Build.0 = Release|Any CPU
	EndGlobalSection
	GlobalSection(SolutionProperties) = preSolution
		HideSolutionNode = FALSE
	EndGlobalSection
	GlobalSection(ExtensibilityGlobals) = postSolution
		SolutionGuid = {4E259EBE-D0C8-4BA6-A673-44007F0B20F1}
	EndGlobalSection
EndGlobal
